{
  "name": "todo",
  "version": "1.0.0",
  "lockfileVersion": 1,
  "requires": true,
  "dependencies": {
    "@uirouter/angularjs": {
      "version": "1.0.20",
      "resolved": "https://registry.npmjs.org/@uirouter/angularjs/-/angularjs-1.0.20.tgz",
      "integrity": "sha512-fY6bsesTL/tg8gyFHXaIjD1r5b7Ac+SYupodO9OzT4/gKI0YC+uGzLpQESAiXlT3fsxdEPVBzdtAbzXDwCKdEA==",
      "requires": {
        "@uirouter/core": "5.0.21"
      }
    },
    "@uirouter/core": {
      "version": "5.0.21",
      "resolved": "https://registry.npmjs.org/@uirouter/core/-/core-5.0.21.tgz",
      "integrity": "sha512-QWHc0wT00qtYNkT0BXZaFNLLHZyux0qJjF8c2WklW5/Q0Z866NoJjJErEMWjQb/AR+olkR2NlfEEi8KTQU2OpA=="
    },
    "angular": {
      "version": "1.7.4",
      "resolved": "https://registry.npmjs.org/angular/-/angular-1.7.4.tgz",
      "integrity": "sha512-nYTWc9CpZjTY57l8EA1+DGpQNzI6HewQ34bfRYoGXBYysIoPYjfcgTGWC+Vl3AaeCnhAb3VTkysVESvCBpUIoA=="
    },
    "jquery": {
      "version": "3.3.1",
      "resolved": "https://registry.npmjs.org/jquery/-/jquery-3.3.1.tgz",
      "integrity": "sha512-Ubldcmxp5np52/ENotGxlLe6aGMvmF4R8S6tZjsP6Knsaxd/xp3Zrh50cG93lR6nPXyUFwzN3ZSOQI0wRJNdGg=="
    },
    "materialize-css": {
      "version": "1.0.0",
      "resolved": "https://registry.npmjs.org/materialize-css/-/materialize-css-1.0.0.tgz",
      "integrity": "sha512-4/oecXl8y/1i8RDZvyvwAICyqwNoKU4or5uf8uoAd74k76KzZ0Llym4zhJ5lLNUskcqjO0AuMcvNyDkpz8Z6zw=="
    }
  }
}
